{
  "name": "front-end",
  "version": "0.1.0",
  "lockfileVersion": 1,
  "requires": true,
  "dependencies": {
    "@date-io/core": {
      "version": "1.3.6",
      "resolved": "https://registry.npmjs.org/@date-io/core/-/core-1.3.6.tgz",
      "integrity": "sha512-cihiu8YaTHh7IqrzekbZcA7dh+7uhViHgWyxcKAO2cg1DYGYC5J7z4/rnGGL7swrK5xFVLIeyoxJ+sacziIRKg=="
    },
    "@date-io/date-fns": {
      "version": "1.3.6",
      "resolved": "https://registry.npmjs.org/@date-io/date-fns/-/date-fns-1.3.6.tgz",
      "integrity": "sha512-fY55kQ0Js+oTE/i7CuQfjR/5L81rDXvYys47Py3Lt69kIOTY4KpPaw7MuE9B7dgCHOMfKHQ+LkyLApDcgPlYXA==",
      "requires": {
        "@date-io/core": "^1.3.6"
      }
    },
    "date-fns": {
      "version": "2.0.0-alpha.31",
      "resolved": "https://registry.npmjs.org/date-fns/-/date-fns-2.0.0-alpha.31.tgz",
      "integrity": "sha512-S19PwMqnbYsqcbCg02Yj9gv4veVNZ0OX7v2+zcd+Mq0RI7LoDKJipJjnMrTZ3Cc6blDuTce5G/pHXcVIGRwJWQ=="
    }
  }
}
